
Microsoft Visual Studio Solution File, Format Version 12.00
# Visual Studio Version 17
VisualStudioVersion = 17.5.002.0
MinimumVisualStudioVersion = 10.0.40219.1
Project("{9A19103F-16F7-4668-BE54-9A1E7A4F7556}") = "crud-inmueble", "crud-inmueble.csproj", "{F6D98EAB-624F-45CA-88EA-7A4D028DE6C8}"
EndProject
Global
	GlobalSection(SolutionConfigurationPlatforms) = preSolution
		Debug|Any CPU = Debug|Any CPU
		Release|Any CPU = Release|Any CPU
	EndGlobalSection
	GlobalSection(ProjectConfigurationPlatforms) = postSolution
		{F6D98EAB-624F-45CA-88EA-7A4D028DE6C8}.Debug|Any CPU.ActiveCfg = Debug|Any CPU
		{F6D98EAB-624F-45CA-88EA-7A4D028DE6C8}.Debug|Any CPU.Build.0 = Debug|Any CPU
		{F6D98EAB-624F-45CA-88EA-7A4D028DE6C8}.Release|Any CPU.ActiveCfg = Release|Any CPU
		{F6D98EAB-624F-45CA-88EA-7A4D028DE6C8}.Release|Any CPU.Build.0 = Release|Any CPU
	EndGlobalSection
	GlobalSection(SolutionProperties) = preSolution
		HideSolutionNode = FALSE
	EndGlobalSection
	GlobalSection(ExtensibilityGlobals) = postSolution
		SolutionGuid = {C061F152-0340-46F6-904B-04C9E48092BC}
	EndGlobalSection
EndGlobal
